<?xml version="1.0" encoding="utf-8"?>
<Project ToolsVersion="4.0" xmlns="http://schemas.microsoft.com/developer/msbuild/2003">
  <ItemGroup>
    <Filter Include="ソース ファイル">
      <UniqueIdentifier>{4FC737F1-C7A5-4376-A066-2A32D752A2FF}</UniqueIdentifier>
      <Extensions>cpp;c;cc;cxx;c++;cppm;ixx;def;odl;idl;hpj;bat;asm;asmx</Extensions>
    </Filter>
    <Filter Include="ヘッダー ファイル">
      <UniqueIdentifier>{93995380-89BD-4b04-88EB-625FBE52EBFB}</UniqueIdentifier>
      <Extensions>h;hh;hpp;hxx;h++;hm;inl;inc;ipp;xsd</Extensions>
    </Filter>
    <Filter Include="リソース ファイル">
      <UniqueIdentifier>{67DA6AB6-F800-4c08-8B7A-83BB121AAD01}</UniqueIdentifier>
      <Extensions>rc;ico;cur;bmp;dlg;rc2;rct;bin;rgs;gif;jpg;jpeg;jpe;resx;tiff;tif;png;wav;mfcribbon-ms</Extensions>
    </Filter>
    <Filter Include="ソース ファイル\System">
      <UniqueIdentifier>{4e17ff4f-a004-4e4a-9470-879b9af60429}</UniqueIdentifier>
    </Filter>
    <Filter Include="ソース ファイル\App">
      <UniqueIdentifier>{2c3db676-bf36-4efc-a80a-29f79c26d16f}</UniqueIdentifier>
    </Filter>
    <Filter Include="ヘッダー ファイル\App">
      <UniqueIdentifier>{375453a1-ead7-471e-9fe9-85ec8b5e9c71}</UniqueIdentifier>
    </Filter>
    <Filter Include="リソース ファイル\PixelShader">
      <UniqueIdentifier>{a9755fd2-e8f8-4e2e-854e-68fcfb6a9b68}</UniqueIdentifier>
    </Filter>
    <Filter Include="リソース ファイル\VertexShader">
      <UniqueIdentifier>{e4c96e83-672c-4720-aa96-8ee0c9525558}</UniqueIdentifier>
    </Filter>
    <Filter Include="ソース ファイル\DirectX">
      <UniqueIdentifier>{4e65b264-f84d-4758-867f-457aeb6ce2e2}</UniqueIdentifier>
    </Filter>
    <Filter Include="ヘッダー ファイル\DirectX">
      <UniqueIdentifier>{76d7d9cf-96c4-4ff5-a5f6-7dfd24ef09cb}</UniqueIdentifier>
    </Filter>
    <Filter Include="ヘッダー ファイル\System">
      <UniqueIdentifier>{23598e8f-8b92-47d1-ac2c-8d127274e433}</UniqueIdentifier>
    </Filter>
    <Filter Include="ヘッダー ファイル\App\Scene">
      <UniqueIdentifier>{23d36a75-29b1-435f-a0f7-3718e6f8c461}</UniqueIdentifier>
    </Filter>
    <Filter Include="ソース ファイル\App\Scene">
      <UniqueIdentifier>{2c3ef8df-31ef-4b70-a418-7eb71b4c4215}</UniqueIdentifier>
    </Filter>
    <Filter Include="ソース ファイル\App\Camera">
      <UniqueIdentifier>{e6bbccab-44ea-4d56-abd6-6af52e43fb1c}</UniqueIdentifier>
    </Filter>
    <Filter Include="ヘッダー ファイル\App\Camera">
      <UniqueIdentifier>{0866e24e-ccc0-4986-acd6-7c83831917ff}</UniqueIdentifier>
    </Filter>
    <Filter Include="ヘッダー ファイル\App\Base">
      <UniqueIdentifier>{3a0b43f9-3320-45a3-b1cf-90ef82f5e07e}</UniqueIdentifier>
    </Filter>
    <Filter Include="ソース ファイル\App\Base">
      <UniqueIdentifier>{b0f6ad43-2c67-4a3c-811a-77f1275b2d73}</UniqueIdentifier>
    </Filter>
    <Filter Include="ソース ファイル\App\Objects">
      <UniqueIdentifier>{4d1069ee-bc33-4c70-827e-d09f8703f36e}</UniqueIdentifier>
    </Filter>
    <Filter Include="ヘッダー ファイル\App\Objects">
      <UniqueIdentifier>{aab2db7a-ba80-4816-abc5-e7ee38193b9f}</UniqueIdentifier>
    </Filter>
  </ItemGroup>
  <ItemGroup>
    <ClCompile Include="Startup.cpp">
      <Filter>ソース ファイル</Filter>
    </ClCompile>
    <ClCompile Include="Main.cpp">
      <Filter>ソース ファイル\App</Filter>
    </ClCompile>
    <ClCompile Include="Shader.cpp">
      <Filter>ソース ファイル\DirectX</Filter>
    </ClCompile>
    <ClCompile Include="Texture.cpp">
      <Filter>ソース ファイル\DirectX</Filter>
    </ClCompile>
    <ClCompile Include="MeshBuffer.cpp">
      <Filter>ソース ファイル\DirectX</Filter>
    </ClCompile>
    <ClCompile Include="DirectX.cpp">
      <Filter>ソース ファイル\DirectX</Filter>
    </ClCompile>
    <ClCompile Include="Geometory.cpp">
      <Filter>ソース ファイル\System</Filter>
    </ClCompile>
    <ClCompile Include="CameraBase.cpp">
      <Filter>ソース ファイル\System</Filter>
    </ClCompile>
    <ClCompile Include="Input.cpp">
      <Filter>ソース ファイル\System</Filter>
    </ClCompile>
    <ClCompile Include="SceneBase.cpp">
      <Filter>ソース ファイル\System</Filter>
    </ClCompile>
    <ClCompile Include="Sprite.cpp">
      <Filter>ソース ファイル\System</Filter>
    </ClCompile>
    <ClCompile Include="LightBase.cpp">
      <Filter>ソース ファイル\System</Filter>
    </ClCompile>
    <ClCompile Include="CameraDCC.cpp">
      <Filter>ソース ファイル\App\Camera</Filter>
    </ClCompile>
    <ClCompile Include="SceneK07.cpp">
      <Filter>ソース ファイル\App\Scene</Filter>
    </ClCompile>
    <ClCompile Include="Model.cpp">
      <Filter>ソース ファイル\App\Scene</Filter>
    </ClCompile>
    <ClCompile Include="MoveLight.cpp">
      <Filter>ソース ファイル\System</Filter>
    </ClCompile>
    <ClCompile Include="PointLight.cpp">
      <Filter>ソース ファイル\System</Filter>
    </ClCompile>
    <ClCompile Include="SceneRoot.cpp">
      <Filter>ソース ファイル\System</Filter>
    </ClCompile>
    <ClCompile Include="SpotLight.cpp">
      <Filter>ソース ファイル\System</Filter>
    </ClCompile>
    <ClCompile Include="Player.cpp">
      <Filter>ソース ファイル\App\Objects</Filter>
    </ClCompile>
    <ClCompile Include="CollisionSystem.cpp">
      <Filter>ソース ファイル\App\Base</Filter>
    </ClCompile>
    <ClCompile Include="Object.cpp">
      <Filter>ソース ファイル\App\Base</Filter>
    </ClCompile>
    <ClCompile Include="DirectXMathUtil.cpp">
      <Filter>ソース ファイル\DirectX</Filter>
    </ClCompile>
    <ClCompile Include="FollowCamera.cpp">
      <Filter>ソース ファイル\App\Camera</Filter>
    </ClCompile>
    <ClCompile Include="DebugWindow.cpp">
      <Filter>ソース ファイル\System</Filter>
    </ClCompile>
    <ClCompile Include="Billborad.cpp">
      <Filter>ソース ファイル\App\Base</Filter>
    </ClCompile>
    <ClCompile Include="WorldSprite.cpp">
      <Filter>ソース ファイル\App\Base</Filter>
    </ClCompile>
    <ClCompile Include="ShotObj.cpp">
      <Filter>ソース ファイル\App\Objects</Filter>
    </ClCompile>
    <ClCompile Include="Enemy.h">
      <Filter>ヘッダー ファイル\App\Objects</Filter>
    </ClCompile>
    <ClCompile Include="Enemy.cpp">
      <Filter>ソース ファイル\App\Objects</Filter>
    </ClCompile>
  </ItemGroup>
  <ItemGroup>
    <ClInclude Include="Defines.h">
      <Filter>ヘッダー ファイル</Filter>
    </ClInclude>
    <ClInclude Include="Texture.h">
      <Filter>ヘッダー ファイル\DirectX</Filter>
    </ClInclude>
    <ClInclude Include="Shader.h">
      <Filter>ヘッダー ファイル\DirectX</Filter>
    </ClInclude>
    <ClInclude Include="MeshBuffer.h">
      <Filter>ヘッダー ファイル\DirectX</Filter>
    </ClInclude>
    <ClInclude Include="Main.h">
      <Filter>ヘッダー ファイル\App</Filter>
    </ClInclude>
    <ClInclude Include="DirectX.h">
      <Filter>ヘッダー ファイル\DirectX</Filter>
    </ClInclude>
    <ClInclude Include="Geometory.h">
      <Filter>ヘッダー ファイル\System</Filter>
    </ClInclude>
    <ClInclude Include="CameraBase.h">
      <Filter>ヘッダー ファイル\System</Filter>
    </ClInclude>
    <ClInclude Include="Input.h">
      <Filter>ヘッダー ファイル\System</Filter>
    </ClInclude>
    <ClInclude Include="SceneBase.hpp">
      <Filter>ヘッダー ファイル\System</Filter>
    </ClInclude>
    <ClInclude Include="Model.h">
      <Filter>ヘッダー ファイル\System</Filter>
    </ClInclude>
    <ClInclude Include="Sprite.h">
      <Filter>ヘッダー ファイル\System</Filter>
    </ClInclude>
    <ClInclude Include="LightBase.h">
      <Filter>ヘッダー ファイル\System</Filter>
    </ClInclude>
    <ClInclude Include="CameraDCC.h">
      <Filter>ヘッダー ファイル\App\Camera</Filter>
    </ClInclude>
    <ClInclude Include="SceneK07.h">
      <Filter>ヘッダー ファイル\App\Scene</Filter>
    </ClInclude>
    <ClInclude Include="MoveLight.h">
      <Filter>ヘッダー ファイル\System</Filter>
    </ClInclude>
    <ClInclude Include="PointLight.h">
      <Filter>ヘッダー ファイル\System</Filter>
    </ClInclude>
    <ClInclude Include="SceneRoot.h">
      <Filter>ヘッダー ファイル\System</Filter>
    </ClInclude>
    <ClInclude Include="SpotLight.h">
      <Filter>ヘッダー ファイル\System</Filter>
    </ClInclude>
    <ClInclude Include="Object.h">
      <Filter>ヘッダー ファイル\App\Base</Filter>
    </ClInclude>
    <ClInclude Include="Player.h">
      <Filter>ヘッダー ファイル\App\Objects</Filter>
    </ClInclude>
    <ClInclude Include="FollowCamera.h">
      <Filter>ヘッダー ファイル\App\Camera</Filter>
    </ClInclude>
    <ClInclude Include="CollisionSystem.h">
      <Filter>ヘッダー ファイル\App\Base</Filter>
    </ClInclude>
    <ClInclude Include="WorldSprite.h">
      <Filter>ヘッダー ファイル\App\Base</Filter>
    </ClInclude>
    <ClInclude Include="DirectXMathUtil.h">
      <Filter>ヘッダー ファイル\DirectX</Filter>
    </ClInclude>
    <ClInclude Include="DebugWindow.hpp">
      <Filter>ヘッダー ファイル\System</Filter>
    </ClInclude>
    <ClInclude Include="Billborad.h">
      <Filter>ヘッダー ファイル\App\Base</Filter>
    </ClInclude>
    <ClInclude Include="ShotObj.h">
      <Filter>ヘッダー ファイル\App\Objects</Filter>
    </ClInclude>
  </ItemGroup>
  <ItemGroup>
    <FxCompile Include="VS_Object.hlsl">
      <Filter>リソース ファイル\VertexShader</Filter>
    </FxCompile>
    <FxCompile Include="VS_GouraudShading.hlsl">
      <Filter>リソース ファイル\VertexShader</Filter>
    </FxCompile>
    <FxCompile Include="VS_WorldPosition.hlsl">
      <Filter>リソース ファイル\VertexShader</Filter>
    </FxCompile>
    <FxCompile Include="VS_ScreenPosition.hlsl">
      <Filter>リソース ファイル\VertexShader</Filter>
    </FxCompile>
    <FxCompile Include="VS_Bumpmap.hlsl">
      <Filter>リソース ファイル\VertexShader</Filter>
    </FxCompile>
    <FxCompile Include="VS_SpriteWorldPosition.hlsl">
      <Filter>リソース ファイル\VertexShader</Filter>
    </FxCompile>
    <FxCompile Include="VS_SpriteSilhouette.hlsl">
      <Filter>リソース ファイル\VertexShader</Filter>
    </FxCompile>
    <FxCompile Include="VS_SpriteShadow.hlsl">
      <Filter>リソース ファイル\VertexShader</Filter>
    </FxCompile>
    <FxCompile Include="VS_K07.hlsl">
      <Filter>リソース ファイル\VertexShader</Filter>
    </FxCompile>
    <FxCompile Include="VS_Outline.hlsl">
      <Filter>リソース ファイル\VertexShader</Filter>
    </FxCompile>
    <FxCompile Include="VS_AlphaDither.hlsl">
      <Filter>リソース ファイル\VertexShader</Filter>
    </FxCompile>
    <FxCompile Include="PS_TexColor.hlsl">
      <Filter>リソース ファイル\PixelShader</Filter>
    </FxCompile>
  </ItemGroup>
</Project>